// !$*UTF8*$!
{
	archiveVersion = 1;
	classes = {
	};
	objectVersion = 46;
	objects = {

/* Begin PBXBuildFile section */
		65E7C1E41AF167A600A6FBE8 /* Images.xcassets in Resources */ = {isa = PBXBuildFile; fileRef = 65E7C1E31AF167A600A6FBE8 /* Images.xcassets */; };
		65E7C1E81AF167A600A6FBE8 /* Hive WatchKit App.app in Resources */ = {isa = PBXBuildFile; fileRef = 65E7C1E71AF167A600A6FBE8 /* Hive WatchKit App.app */; };
		65E7C1F01AF167A600A6FBE8 /* Interface.storyboard in Resources */ = {isa = PBXBuildFile; fileRef = 65E7C1EE1AF167A600A6FBE8 /* Interface.storyboard */; };
		65E7C1F21AF167A600A6FBE8 /* Images.xcassets in Resources */ = {isa = PBXBuildFile; fileRef = 65E7C1F11AF167A600A6FBE8 /* Images.xcassets */; };
		65E7C1F51AF167A600A6FBE8 /* Hive WatchKit Extension.appex in Embed App Extensions */ = {isa = PBXBuildFile; fileRef = 65E7C1DA1AF167A600A6FBE8 /* Hive WatchKit Extension.appex */; settings = {ATTRIBUTES = (RemoveHeadersOnCopy, ); }; };
		65E7C1FE1AF1690E00A6FBE8 /* NearbyInterfaceController.swift in Sources */ = {isa = PBXBuildFile; fileRef = 65E7C1FD1AF1690E00A6FBE8 /* NearbyInterfaceController.swift */; };
		65E7C2001AF16A6700A6FBE8 /* PlaceRow.swift in Sources */ = {isa = PBXBuildFile; fileRef = 65E7C1FF1AF16A6700A6FBE8 /* PlaceRow.swift */; };
		65E7C2021AF16E8B00A6FBE8 /* PlaceDetailInterfaceController.swift in Sources */ = {isa = PBXBuildFile; fileRef = 65E7C2011AF16E8B00A6FBE8 /* PlaceDetailInterfaceController.swift */; };
		65E7C20D1AF1759F00A6FBE8 /* Honeycomb.h in Headers */ = {isa = PBXBuildFile; fileRef = 65E7C20C1AF1759F00A6FBE8 /* Honeycomb.h */; settings = {ATTRIBUTES = (Public, ); }; };
		65E7C2131AF1759F00A6FBE8 /* Honeycomb.framework in Frameworks */ = {isa = PBXBuildFile; fileRef = 65E7C2081AF1759F00A6FBE8 /* Honeycomb.framework */; };
		65E7C21C1AF1759F00A6FBE8 /* HoneycombTests.swift in Sources */ = {isa = PBXBuildFile; fileRef = 65E7C21B1AF1759F00A6FBE8 /* HoneycombTests.swift */; };
		65E7C21F1AF1759F00A6FBE8 /* Honeycomb.framework in Frameworks */ = {isa = PBXBuildFile; fileRef = 65E7C2081AF1759F00A6FBE8 /* Honeycomb.framework */; };
		65E7C2201AF1759F00A6FBE8 /* Honeycomb.framework in Embed Frameworks */ = {isa = PBXBuildFile; fileRef = 65E7C2081AF1759F00A6FBE8 /* Honeycomb.framework */; settings = {ATTRIBUTES = (CodeSignOnCopy, RemoveHeadersOnCopy, ); }; };
		65E7C2291AF175B000A6FBE8 /* Place.swift in Sources */ = {isa = PBXBuildFile; fileRef = 65E7C2281AF175B000A6FBE8 /* Place.swift */; };
		65E7C22B1AF175BE00A6FBE8 /* Box.swift in Sources */ = {isa = PBXBuildFile; fileRef = 65E7C22A1AF175BE00A6FBE8 /* Box.swift */; };
		65FE301D1AF036430082900C /* AppDelegate.swift in Sources */ = {isa = PBXBuildFile; fileRef = 65FE301C1AF036430082900C /* AppDelegate.swift */; };
		65FE30221AF036430082900C /* ViewController.swift in Sources */ = {isa = PBXBuildFile; fileRef = 65FE30211AF036430082900C /* ViewController.swift */; };
		65FE30251AF036430082900C /* Main.storyboard in Resources */ = {isa = PBXBuildFile; fileRef = 65FE30231AF036430082900C /* Main.storyboard */; };
		65FE30271AF036430082900C /* Images.xcassets in Resources */ = {isa = PBXBuildFile; fileRef = 65FE30261AF036430082900C /* Images.xcassets */; };
		65FE302A1AF036430082900C /* LaunchScreen.xib in Resources */ = {isa = PBXBuildFile; fileRef = 65FE30281AF036430082900C /* LaunchScreen.xib */; };
		65FE30361AF036430082900C /* HiveTests.swift in Sources */ = {isa = PBXBuildFile; fileRef = 65FE30351AF036430082900C /* HiveTests.swift */; };
		87149D8ECAD34F31D878CCC6 /* Pods.framework in Frameworks */ = {isa = PBXBuildFile; fileRef = 8CFA5740A9E7222E890C9804 /* Pods.framework */; settings = {ATTRIBUTES = (Weak, ); }; };
/* End PBXBuildFile section */

/* Begin PBXContainerItemProxy section */
		65E7C1E91AF167A600A6FBE8 /* PBXContainerItemProxy */ = {
			isa = PBXContainerItemProxy;
			containerPortal = 65FE300F1AF036430082900C /* Project object */;
			proxyType = 1;
			remoteGlobalIDString = 65E7C1E61AF167A600A6FBE8;
			remoteInfo = "Hive WatchKit App";
		};
		65E7C1F31AF167A600A6FBE8 /* PBXContainerItemProxy */ = {
			isa = PBXContainerItemProxy;
			containerPortal = 65FE300F1AF036430082900C /* Project object */;
			proxyType = 1;
			remoteGlobalIDString = 65E7C1D91AF167A600A6FBE8;
			remoteInfo = "Hive WatchKit Extension";
		};
		65E7C2141AF1759F00A6FBE8 /* PBXContainerItemProxy */ = {
			isa = PBXContainerItemProxy;
			containerPortal = 65FE300F1AF036430082900C /* Project object */;
			proxyType = 1;
			remoteGlobalIDString = 65E7C2071AF1759F00A6FBE8;
			remoteInfo = Honeycomb;
		};
		65E7C2161AF1759F00A6FBE8 /* PBXContainerItemProxy */ = {
			isa = PBXContainerItemProxy;
			containerPortal = 65FE300F1AF036430082900C /* Project object */;
			proxyType = 1;
			remoteGlobalIDString = 65FE30161AF036430082900C;
			remoteInfo = Hive;
		};
		65E7C21D1AF1759F00A6FBE8 /* PBXContainerItemProxy */ = {
			isa = PBXContainerItemProxy;
			containerPortal = 65FE300F1AF036430082900C /* Project object */;
			proxyType = 1;
			remoteGlobalIDString = 65E7C2071AF1759F00A6FBE8;
			remoteInfo = Honeycomb;
		};
		65FE30301AF036430082900C /* PBXContainerItemProxy */ = {
			isa = PBXContainerItemProxy;
			containerPortal = 65FE300F1AF036430082900C /* Project object */;
			proxyType = 1;
			remoteGlobalIDString = 65FE30161AF036430082900C;
			remoteInfo = Hive;
		};
/* End PBXContainerItemProxy section */

/* Begin PBXCopyFilesBuildPhase section */
		65E7C1FC1AF167A600A6FBE8 /* Embed App Extensions */ = {
			isa = PBXCopyFilesBuildPhase;
			buildActionMask = 2147483647;
			dstPath = "";
			dstSubfolderSpec = 13;
			files = (
				65E7C1F51AF167A600A6FBE8 /* Hive WatchKit Extension.appex in Embed App Extensions */,
			);
			name = "Embed App Extensions";
			runOnlyForDeploymentPostprocessing = 0;
		};
		65E7C2241AF1759F00A6FBE8 /* Embed Frameworks */ = {
			isa = PBXCopyFilesBuildPhase;
			buildActionMask = 2147483647;
			dstPath = "";
			dstSubfolderSpec = 10;
			files = (
				65E7C2201AF1759F00A6FBE8 /* Honeycomb.framework in Embed Frameworks */,
			);
			name = "Embed Frameworks";
			runOnlyForDeploymentPostprocessing = 0;
		};
/* End PBXCopyFilesBuildPhase section */

/* Begin PBXFileReference section */
		65E7C1DA1AF167A600A6FBE8 /* Hive WatchKit Extension.appex */ = {isa = PBXFileReference; explicitFileType = "wrapper.app-extension"; includeInIndex = 0; path = "Hive WatchKit Extension.appex"; sourceTree = BUILT_PRODUCTS_DIR; };
		65E7C1DD1AF167A600A6FBE8 /* Info.plist */ = {isa = PBXFileReference; lastKnownFileType = text.plist.xml; path = Info.plist; sourceTree = "<group>"; };
		65E7C1DE1AF167A600A6FBE8 /* PushNotificationPayload.apns */ = {isa = PBXFileReference; lastKnownFileType = text; path = PushNotificationPayload.apns; sourceTree = "<group>"; };
		65E7C1E31AF167A600A6FBE8 /* Images.xcassets */ = {isa = PBXFileReference; lastKnownFileType = folder.assetcatalog; path = Images.xcassets; sourceTree = "<group>"; };
		65E7C1E71AF167A600A6FBE8 /* Hive WatchKit App.app */ = {isa = PBXFileReference; explicitFileType = wrapper.application; includeInIndex = 0; path = "Hive WatchKit App.app"; sourceTree = BUILT_PRODUCTS_DIR; };
		65E7C1ED1AF167A600A6FBE8 /* Info.plist */ = {isa = PBXFileReference; lastKnownFileType = text.plist.xml; path = Info.plist; sourceTree = "<group>"; };
		65E7C1EF1AF167A600A6FBE8 /* Base */ = {isa = PBXFileReference; lastKnownFileType = file.storyboard; name = Base; path = Base.lproj/Interface.storyboard; sourceTree = "<group>"; };
		65E7C1F11AF167A600A6FBE8 /* Images.xcassets */ = {isa = PBXFileReference; lastKnownFileType = folder.assetcatalog; path = Images.xcassets; sourceTree = "<group>"; };
		65E7C1FD1AF1690E00A6FBE8 /* NearbyInterfaceController.swift */ = {isa = PBXFileReference; fileEncoding = 4; lastKnownFileType = sourcecode.swift; path = NearbyInterfaceController.swift; sourceTree = "<group>"; };
		65E7C1FF1AF16A6700A6FBE8 /* PlaceRow.swift */ = {isa = PBXFileReference; fileEncoding = 4; lastKnownFileType = sourcecode.swift; path = PlaceRow.swift; sourceTree = "<group>"; };
		65E7C2011AF16E8B00A6FBE8 /* PlaceDetailInterfaceController.swift */ = {isa = PBXFileReference; fileEncoding = 4; lastKnownFileType = sourcecode.swift; path = PlaceDetailInterfaceController.swift; sourceTree = "<group>"; };
		65E7C2081AF1759F00A6FBE8 /* Honeycomb.framework */ = {isa = PBXFileReference; explicitFileType = wrapper.framework; includeInIndex = 0; path = Honeycomb.framework; sourceTree = BUILT_PRODUCTS_DIR; };
		65E7C20B1AF1759F00A6FBE8 /* Info.plist */ = {isa = PBXFileReference; lastKnownFileType = text.plist.xml; path = Info.plist; sourceTree = "<group>"; };
		65E7C20C1AF1759F00A6FBE8 /* Honeycomb.h */ = {isa = PBXFileReference; lastKnownFileType = sourcecode.c.h; path = Honeycomb.h; sourceTree = "<group>"; };
		65E7C2121AF1759F00A6FBE8 /* HoneycombTests.xctest */ = {isa = PBXFileReference; explicitFileType = wrapper.cfbundle; includeInIndex = 0; path = HoneycombTests.xctest; sourceTree = BUILT_PRODUCTS_DIR; };
		65E7C21A1AF1759F00A6FBE8 /* Info.plist */ = {isa = PBXFileReference; lastKnownFileType = text.plist.xml; path = Info.plist; sourceTree = "<group>"; };
		65E7C21B1AF1759F00A6FBE8 /* HoneycombTests.swift */ = {isa = PBXFileReference; lastKnownFileType = sourcecode.swift; path = HoneycombTests.swift; sourceTree = "<group>"; };
		65E7C2281AF175B000A6FBE8 /* Place.swift */ = {isa = PBXFileReference; fileEncoding = 4; lastKnownFileType = sourcecode.swift; path = Place.swift; sourceTree = "<group>"; };
		65E7C22A1AF175BE00A6FBE8 /* Box.swift */ = {isa = PBXFileReference; fileEncoding = 4; lastKnownFileType = sourcecode.swift; path = Box.swift; sourceTree = "<group>"; };
		65FE30171AF036430082900C /* Hive.app */ = {isa = PBXFileReference; explicitFileType = wrapper.application; includeInIndex = 0; path = Hive.app; sourceTree = BUILT_PRODUCTS_DIR; };
		65FE301B1AF036430082900C /* Info.plist */ = {isa = PBXFileReference; lastKnownFileType = text.plist.xml; path = Info.plist; sourceTree = "<group>"; };
		65FE301C1AF036430082900C /* AppDelegate.swift */ = {isa = PBXFileReference; lastKnownFileType = sourcecode.swift; path = AppDelegate.swift; sourceTree = "<group>"; };
		65FE30211AF036430082900C /* ViewController.swift */ = {isa = PBXFileReference; lastKnownFileType = sourcecode.swift; path = ViewController.swift; sourceTree = "<group>"; };
		65FE30241AF036430082900C /* Base */ = {isa = PBXFileReference; lastKnownFileType = file.storyboard; name = Base; path = Base.lproj/Main.storyboard; sourceTree = "<group>"; };
		65FE30261AF036430082900C /* Images.xcassets */ = {isa = PBXFileReference; lastKnownFileType = folder.assetcatalog; path = Images.xcassets; sourceTree = "<group>"; };
		65FE30291AF036430082900C /* Base */ = {isa = PBXFileReference; lastKnownFileType = file.xib; name = Base; path = Base.lproj/LaunchScreen.xib; sourceTree = "<group>"; };
		65FE302F1AF036430082900C /* HiveTests.xctest */ = {isa = PBXFileReference; explicitFileType = wrapper.cfbundle; includeInIndex = 0; path = HiveTests.xctest; sourceTree = BUILT_PRODUCTS_DIR; };
		65FE30341AF036430082900C /* Info.plist */ = {isa = PBXFileReference; lastKnownFileType = text.plist.xml; path = Info.plist; sourceTree = "<group>"; };
		65FE30351AF036430082900C /* HiveTests.swift */ = {isa = PBXFileReference; lastKnownFileType = sourcecode.swift; path = HiveTests.swift; sourceTree = "<group>"; };
		8CFA5740A9E7222E890C9804 /* Pods.framework */ = {isa = PBXFileReference; explicitFileType = wrapper.framework; includeInIndex = 0; path = Pods.framework; sourceTree = BUILT_PRODUCTS_DIR; };
		9C2D97EC22974A3904E722A5 /* Pods.release.xcconfig */ = {isa = PBXFileReference; includeInIndex = 1; lastKnownFileType = text.xcconfig; name = Pods.release.xcconfig; path = "Pods/Target Support Files/Pods/Pods.release.xcconfig"; sourceTree = "<group>"; };
		F91E53C72D95A6592937753D /* Pods.debug.xcconfig */ = {isa = PBXFileReference; includeInIndex = 1; lastKnownFileType = text.xcconfig; name = Pods.debug.xcconfig; path = "Pods/Target Support Files/Pods/Pods.debug.xcconfig"; sourceTree = "<group>"; };
/* End PBXFileReference section */

/* Begin PBXFrameworksBuildPhase section */
		65E7C1D71AF167A600A6FBE8 /* Frameworks */ = {
			isa = PBXFrameworksBuildPhase;
			buildActionMask = 2147483647;
			files = (
			);
			runOnlyForDeploymentPostprocessing = 0;
		};
		65E7C2041AF1759F00A6FBE8 /* Frameworks */ = {
			isa = PBXFrameworksBuildPhase;
			buildActionMask = 2147483647;
			files = (
			);
			runOnlyForDeploymentPostprocessing = 0;
		};
		65E7C20F1AF1759F00A6FBE8 /* Frameworks */ = {
			isa = PBXFrameworksBuildPhase;
			buildActionMask = 2147483647;
			files = (
				65E7C2131AF1759F00A6FBE8 /* Honeycomb.framework in Frameworks */,
			);
			runOnlyForDeploymentPostprocessing = 0;
		};
		65FE30141AF036430082900C /* Frameworks */ = {
			isa = PBXFrameworksBuildPhase;
			buildActionMask = 2147483647;
			files = (
				65E7C21F1AF1759F00A6FBE8 /* Honeycomb.framework in Frameworks */,
				87149D8ECAD34F31D878CCC6 /* Pods.framework in Frameworks */,
			);
			runOnlyForDeploymentPostprocessing = 0;
		};
		65FE302C1AF036430082900C /* Frameworks */ = {
			isa = PBXFrameworksBuildPhase;
			buildActionMask = 2147483647;
			files = (
			);
			runOnlyForDeploymentPostprocessing = 0;
		};
/* End PBXFrameworksBuildPhase section */

/* Begin PBXGroup section */
		65E7C1DB1AF167A600A6FBE8 /* Hive WatchKit Extension */ = {
			isa = PBXGroup;
			children = (
				65E7C1FD1AF1690E00A6FBE8 /* NearbyInterfaceController.swift */,
				65E7C2011AF16E8B00A6FBE8 /* PlaceDetailInterfaceController.swift */,
				65E7C1FF1AF16A6700A6FBE8 /* PlaceRow.swift */,
				65E7C1E31AF167A600A6FBE8 /* Images.xcassets */,
				65E7C1DC1AF167A600A6FBE8 /* Supporting Files */,
			);
			path = "Hive WatchKit Extension";
			sourceTree = "<group>";
		};
		65E7C1DC1AF167A600A6FBE8 /* Supporting Files */ = {
			isa = PBXGroup;
			children = (
				65E7C1DD1AF167A600A6FBE8 /* Info.plist */,
				65E7C1DE1AF167A600A6FBE8 /* PushNotificationPayload.apns */,
			);
			name = "Supporting Files";
			sourceTree = "<group>";
		};
		65E7C1EB1AF167A600A6FBE8 /* Hive WatchKit App */ = {
			isa = PBXGroup;
			children = (
				65E7C1EE1AF167A600A6FBE8 /* Interface.storyboard */,
				65E7C1F11AF167A600A6FBE8 /* Images.xcassets */,
				65E7C1EC1AF167A600A6FBE8 /* Supporting Files */,
			);
			path = "Hive WatchKit App";
			sourceTree = "<group>";
		};
		65E7C1EC1AF167A600A6FBE8 /* Supporting Files */ = {
			isa = PBXGroup;
			children = (
				65E7C1ED1AF167A600A6FBE8 /* Info.plist */,
			);
			name = "Supporting Files";
			sourceTree = "<group>";
		};
		65E7C2091AF1759F00A6FBE8 /* Honeycomb */ = {
			isa = PBXGroup;
			children = (
				65E7C20C1AF1759F00A6FBE8 /* Honeycomb.h */,
				65E7C20A1AF1759F00A6FBE8 /* Supporting Files */,
				65E7C2281AF175B000A6FBE8 /* Place.swift */,
				65E7C22A1AF175BE00A6FBE8 /* Box.swift */,
			);
			path = Honeycomb;
			sourceTree = "<group>";
		};
		65E7C20A1AF1759F00A6FBE8 /* Supporting Files */ = {
			isa = PBXGroup;
			children = (
				65E7C20B1AF1759F00A6FBE8 /* Info.plist */,
			);
			name = "Supporting Files";
			sourceTree = "<group>";
		};
		65E7C2181AF1759F00A6FBE8 /* HoneycombTests */ = {
			isa = PBXGroup;
			children = (
				65E7C21B1AF1759F00A6FBE8 /* HoneycombTests.swift */,
				65E7C2191AF1759F00A6FBE8 /* Supporting Files */,
			);
			path = HoneycombTests;
			sourceTree = "<group>";
		};
		65E7C2191AF1759F00A6FBE8 /* Supporting Files */ = {
			isa = PBXGroup;
			children = (
				65E7C21A1AF1759F00A6FBE8 /* Info.plist */,
			);
			name = "Supporting Files";
			sourceTree = "<group>";
		};
		65FE300E1AF036430082900C = {
			isa = PBXGroup;
			children = (
				65FE30191AF036430082900C /* Hive */,
				65FE30321AF036430082900C /* HiveTests */,
				65E7C1DB1AF167A600A6FBE8 /* Hive WatchKit Extension */,
				65E7C1EB1AF167A600A6FBE8 /* Hive WatchKit App */,
				65E7C2091AF1759F00A6FBE8 /* Honeycomb */,
				65E7C2181AF1759F00A6FBE8 /* HoneycombTests */,
				65FE30181AF036430082900C /* Products */,
				C34D970577CE0293282E932A /* Pods */,
				AFE0C1F48DC73BB16E4759B9 /* Frameworks */,
			);
			sourceTree = "<group>";
		};
		65FE30181AF036430082900C /* Products */ = {
			isa = PBXGroup;
			children = (
				65FE30171AF036430082900C /* Hive.app */,
				65FE302F1AF036430082900C /* HiveTests.xctest */,
				65E7C1DA1AF167A600A6FBE8 /* Hive WatchKit Extension.appex */,
				65E7C1E71AF167A600A6FBE8 /* Hive WatchKit App.app */,
				65E7C2081AF1759F00A6FBE8 /* Honeycomb.framework */,
				65E7C2121AF1759F00A6FBE8 /* HoneycombTests.xctest */,
			);
			name = Products;
			sourceTree = "<group>";
		};
		65FE30191AF036430082900C /* Hive */ = {
			isa = PBXGroup;
			children = (
				65FE301C1AF036430082900C /* AppDelegate.swift */,
				65FE30211AF036430082900C /* ViewController.swift */,
				65FE30231AF036430082900C /* Main.storyboard */,
				65FE30261AF036430082900C /* Images.xcassets */,
				65FE30281AF036430082900C /* LaunchScreen.xib */,
				65FE301A1AF036430082900C /* Supporting Files */,
			);
			path = Hive;
			sourceTree = "<group>";
		};
		65FE301A1AF036430082900C /* Supporting Files */ = {
			isa = PBXGroup;
			children = (
				65FE301B1AF036430082900C /* Info.plist */,
			);
			name = "Supporting Files";
			sourceTree = "<group>";
		};
		65FE30321AF036430082900C /* HiveTests */ = {
			isa = PBXGroup;
			children = (
				65FE30351AF036430082900C /* HiveTests.swift */,
				65FE30331AF036430082900C /* Supporting Files */,
			);
			path = HiveTests;
			sourceTree = "<group>";
		};
		65FE30331AF036430082900C /* Supporting Files */ = {
			isa = PBXGroup;
			children = (
				65FE30341AF036430082900C /* Info.plist */,
			);
			name = "Supporting Files";
			sourceTree = "<group>";
		};
		AFE0C1F48DC73BB16E4759B9 /* Frameworks */ = {
			isa = PBXGroup;
			children = (
				8CFA5740A9E7222E890C9804 /* Pods.framework */,
			);
			name = Frameworks;
			sourceTree = "<group>";
		};
		C34D970577CE0293282E932A /* Pods */ = {
			isa = PBXGroup;
			children = (
				F91E53C72D95A6592937753D /* Pods.debug.xcconfig */,
				9C2D97EC22974A3904E722A5 /* Pods.release.xcconfig */,
			);
			name = Pods;
			sourceTree = "<group>";
		};
/* End PBXGroup section */

/* Begin PBXHeadersBuildPhase section */
		65E7C2051AF1759F00A6FBE8 /* Headers */ = {
			isa = PBXHeadersBuildPhase;
			buildActionMask = 2147483647;
			files = (
				65E7C20D1AF1759F00A6FBE8 /* Honeycomb.h in Headers */,
			);
			runOnlyForDeploymentPostprocessing = 0;
		};
/* End PBXHeadersBuildPhase section */

/* Begin PBXNativeTarget section */
		65E7C1D91AF167A600A6FBE8 /* Hive WatchKit Extension */ = {
			isa = PBXNativeTarget;
			buildConfigurationList = 65E7C1F91AF167A600A6FBE8 /* Build configuration list for PBXNativeTarget "Hive WatchKit Extension" */;
			buildPhases = (
				65E7C1D61AF167A600A6FBE8 /* Sources */,
				65E7C1D71AF167A600A6FBE8 /* Frameworks */,
				65E7C1D81AF167A600A6FBE8 /* Resources */,
			);
			buildRules = (
			);
			dependencies = (
				65E7C1EA1AF167A600A6FBE8 /* PBXTargetDependency */,
			);
			name = "Hive WatchKit Extension";
			productName = "Hive WatchKit Extension";
			productReference = 65E7C1DA1AF167A600A6FBE8 /* Hive WatchKit Extension.appex */;
			productType = "com.apple.product-type.watchkit-extension";
		};
		65E7C1E61AF167A600A6FBE8 /* Hive WatchKit App */ = {
			isa = PBXNativeTarget;
			buildConfigurationList = 65E7C1F61AF167A600A6FBE8 /* Build configuration list for PBXNativeTarget "Hive WatchKit App" */;
			buildPhases = (
				65E7C1E51AF167A600A6FBE8 /* Resources */,
			);
			buildRules = (
			);
			dependencies = (
			);
			name = "Hive WatchKit App";
			productName = "Hive WatchKit App";
			productReference = 65E7C1E71AF167A600A6FBE8 /* Hive WatchKit App.app */;
			productType = "com.apple.product-type.application.watchapp";
		};
		65E7C2071AF1759F00A6FBE8 /* Honeycomb */ = {
			isa = PBXNativeTarget;
			buildConfigurationList = 65E7C2211AF1759F00A6FBE8 /* Build configuration list for PBXNativeTarget "Honeycomb" */;
			buildPhases = (
				65E7C2031AF1759F00A6FBE8 /* Sources */,
				65E7C2041AF1759F00A6FBE8 /* Frameworks */,
				65E7C2051AF1759F00A6FBE8 /* Headers */,
				65E7C2061AF1759F00A6FBE8 /* Resources */,
			);
			buildRules = (
			);
			dependencies = (
			);
			name = Honeycomb;
			productName = Honeycomb;
			productReference = 65E7C2081AF1759F00A6FBE8 /* Honeycomb.framework */;
			productType = "com.apple.product-type.framework";
		};
		65E7C2111AF1759F00A6FBE8 /* HoneycombTests */ = {
			isa = PBXNativeTarget;
			buildConfigurationList = 65E7C2251AF1759F00A6FBE8 /* Build configuration list for PBXNativeTarget "HoneycombTests" */;
			buildPhases = (
				65E7C20E1AF1759F00A6FBE8 /* Sources */,
				65E7C20F1AF1759F00A6FBE8 /* Frameworks */,
				65E7C2101AF1759F00A6FBE8 /* Resources */,
			);
			buildRules = (
			);
			dependencies = (
				65E7C2151AF1759F00A6FBE8 /* PBXTargetDependency */,
				65E7C2171AF1759F00A6FBE8 /* PBXTargetDependency */,
			);
			name = HoneycombTests;
			productName = HoneycombTests;
			productReference = 65E7C2121AF1759F00A6FBE8 /* HoneycombTests.xctest */;
			productType = "com.apple.product-type.bundle.unit-test";
		};
		65FE30161AF036430082900C /* Hive */ = {
			isa = PBXNativeTarget;
			buildConfigurationList = 65FE30391AF036430082900C /* Build configuration list for PBXNativeTarget "Hive" */;
			buildPhases = (
				25329125069FE62B21ED5F50 /* Check Pods Manifest.lock */,
				65FE30131AF036430082900C /* Sources */,
				65FE30141AF036430082900C /* Frameworks */,
				65FE30151AF036430082900C /* Resources */,
				65E7C1FC1AF167A600A6FBE8 /* Embed App Extensions */,
				65E7C2241AF1759F00A6FBE8 /* Embed Frameworks */,
				9194528D1F517F6704AB26A3 /* Embed Pods Frameworks */,
				5BDFA29AF41C30FAB67A7125 /* Copy Pods Resources */,
			);
			buildRules = (
			);
			dependencies = (
				65E7C1F41AF167A600A6FBE8 /* PBXTargetDependency */,
				65E7C21E1AF1759F00A6FBE8 /* PBXTargetDependency */,
			);
			name = Hive;
			productName = Hive;
			productReference = 65FE30171AF036430082900C /* Hive.app */;
			productType = "com.apple.product-type.application";
		};
		65FE302E1AF036430082900C /* HiveTests */ = {
			isa = PBXNativeTarget;
			buildConfigurationList = 65FE303C1AF036430082900C /* Build configuration list for PBXNativeTarget "HiveTests" */;
			buildPhases = (
				65FE302B1AF036430082900C /* Sources */,
				65FE302C1AF036430082900C /* Frameworks */,
				65FE302D1AF036430082900C /* Resources */,
			);
			buildRules = (
			);
			dependencies = (
				65FE30311AF036430082900C /* PBXTargetDependency */,
			);
			name = HiveTests;
			productName = HiveTests;
			productReference = 65FE302F1AF036430082900C /* HiveTests.xctest */;
			productType = "com.apple.product-type.bundle.unit-test";
		};
/* End PBXNativeTarget section */

/* Begin PBXProject section */
		65FE300F1AF036430082900C /* Project object */ = {
			isa = PBXProject;
			attributes = {
				LastUpgradeCheck = 0630;
				ORGANIZATIONNAME = "Rocket Apps";
				TargetAttributes = {
					65E7C1D91AF167A600A6FBE8 = {
						CreatedOnToolsVersion = 6.3;
					};
					65E7C1E61AF167A600A6FBE8 = {
						CreatedOnToolsVersion = 6.3;
					};
					65E7C2071AF1759F00A6FBE8 = {
						CreatedOnToolsVersion = 6.3;
					};
					65E7C2111AF1759F00A6FBE8 = {
						CreatedOnToolsVersion = 6.3;
						TestTargetID = 65FE30161AF036430082900C;
					};
					65FE30161AF036430082900C = {
						CreatedOnToolsVersion = 6.3;
					};
					65FE302E1AF036430082900C = {
						CreatedOnToolsVersion = 6.3;
						TestTargetID = 65FE30161AF036430082900C;
					};
				};
			};
			buildConfigurationList = 65FE30121AF036430082900C /* Build configuration list for PBXProject "Hive" */;
			compatibilityVersion = "Xcode 3.2";
			developmentRegion = English;
			hasScannedForEncodings = 0;
			knownRegions = (
				en,
				Base,
			);
			mainGroup = 65FE300E1AF036430082900C;
			productRefGroup = 65FE30181AF036430082900C /* Products */;
			projectDirPath = "";
			projectRoot = "";
			targets = (
				65FE30161AF036430082900C /* Hive */,
				65FE302E1AF036430082900C /* HiveTests */,
				65E7C1D91AF167A600A6FBE8 /* Hive WatchKit Extension */,
				65E7C1E61AF167A600A6FBE8 /* Hive WatchKit App */,
				65E7C2071AF1759F00A6FBE8 /* Honeycomb */,
				65E7C2111AF1759F00A6FBE8 /* HoneycombTests */,
			);
		};
/* End PBXProject section */

/* Begin PBXResourcesBuildPhase section */
		65E7C1D81AF167A600A6FBE8 /* Resources */ = {
			isa = PBXResourcesBuildPhase;
			buildActionMask = 2147483647;
			files = (
				65E7C1E81AF167A600A6FBE8 /* Hive WatchKit App.app in Resources */,
				65E7C1E41AF167A600A6FBE8 /* Images.xcassets in Resources */,
			);
			runOnlyForDeploymentPostprocessing = 0;
		};
		65E7C1E51AF167A600A6FBE8 /* Resources */ = {
			isa = PBXResourcesBuildPhase;
			buildActionMask = 2147483647;
			files = (
				65E7C1F01AF167A600A6FBE8 /* Interface.storyboard in Resources */,
				65E7C1F21AF167A600A6FBE8 /* Images.xcassets in Resources */,
			);
			runOnlyForDeploymentPostprocessing = 0;
		};
		65E7C2061AF1759F00A6FBE8 /* Resources */ = {
			isa = PBXResourcesBuildPhase;
			buildActionMask = 2147483647;
			files = (
			);
			runOnlyForDeploymentPostprocessing = 0;
		};
		65E7C2101AF1759F00A6FBE8 /* Resources */ = {
			isa = PBXResourcesBuildPhase;
			buildActionMask = 2147483647;
			files = (
			);
			runOnlyForDeploymentPostprocessing = 0;
		};
		65FE30151AF036430082900C /* Resources */ = {
			isa = PBXResourcesBuildPhase;
			buildActionMask = 2147483647;
			files = (
				65FE30251AF036430082900C /* Main.storyboard in Resources */,
				65FE302A1AF036430082900C /* LaunchScreen.xib in Resources */,
				65FE30271AF036430082900C /* Images.xcassets in Resources */,
			);
			runOnlyForDeploymentPostprocessing = 0;
		};
		65FE302D1AF036430082900C /* Resources */ = {
			isa = PBXResourcesBuildPhase;
			buildActionMask = 2147483647;
			files = (
			);
			runOnlyForDeploymentPostprocessing = 0;
		};
/* End PBXResourcesBuildPhase section */

/* Begin PBXShellScriptBuildPhase section */
		25329125069FE62B21ED5F50 /* Check Pods Manifest.lock */ = {
			isa = PBXShellScriptBuildPhase;
			buildActionMask = 2147483647;
			files = (
			);
			inputPaths = (
			);
			name = "Check Pods Manifest.lock";
			outputPaths = (
			);
			runOnlyForDeploymentPostprocessing = 0;
			shellPath = /bin/sh;
			shellScript = "diff \"${PODS_ROOT}/../Podfile.lock\" \"${PODS_ROOT}/Manifest.lock\" > /dev/null\nif [[ $? != 0 ]] ; then\n    cat << EOM\nerror: The sandbox is not in sync with the Podfile.lock. Run 'pod install' or update your CocoaPods installation.\nEOM\n    exit 1\nfi\n";
			showEnvVarsInLog = 0;
		};
		5BDFA29AF41C30FAB67A7125 /* Copy Pods Resources */ = {
			isa = PBXShellScriptBuildPhase;
			buildActionMask = 2147483647;
			files = (
			);
			inputPaths = (
			);
			name = "Copy Pods Resources";
			outputPaths = (
			);
			runOnlyForDeploymentPostprocessing = 0;
			shellPath = /bin/sh;
			shellScript = "\"${SRCROOT}/Pods/Target Support Files/Pods/Pods-resources.sh\"\n";
			showEnvVarsInLog = 0;
		};
		9194528D1F517F6704AB26A3 /* Embed Pods Frameworks */ = {
			isa = PBXShellScriptBuildPhase;
			buildActionMask = 2147483647;
			files = (
			);
			inputPaths = (
			);
			name = "Embed Pods Frameworks";
			outputPaths = (
			);
			runOnlyForDeploymentPostprocessing = 0;
			shellPath = /bin/sh;
			shellScript = "\"${SRCROOT}/Pods/Target Support Files/Pods/Pods-frameworks.sh\"\n";
			showEnvVarsInLog = 0;
		};
/* End PBXShellScriptBuildPhase section */

/* Begin PBXSourcesBuildPhase section */
		65E7C1D61AF167A600A6FBE8 /* Sources */ = {
			isa = PBXSourcesBuildPhase;
			buildActionMask = 2147483647;
			files = (
				65E7C2001AF16A6700A6FBE8 /* PlaceRow.swift in Sources */,
				65E7C1FE1AF1690E00A6FBE8 /* NearbyInterfaceController.swift in Sources */,
				65E7C2021AF16E8B00A6FBE8 /* PlaceDetailInterfaceController.swift in Sources */,
			);
			runOnlyForDeploymentPostprocessing = 0;
		};
		65E7C2031AF1759F00A6FBE8 /* Sources */ = {
			isa = PBXSourcesBuildPhase;
			buildActionMask = 2147483647;
			files = (
				65E7C2291AF175B000A6FBE8 /* Place.swift in Sources */,
				65E7C22B1AF175BE00A6FBE8 /* Box.swift in Sources */,
			);
			runOnlyForDeploymentPostprocessing = 0;
		};
		65E7C20E1AF1759F00A6FBE8 /* Sources */ = {
			isa = PBXSourcesBuildPhase;
			buildActionMask = 2147483647;
			files = (
				65E7C21C1AF1759F00A6FBE8 /* HoneycombTests.swift in Sources */,
			);
			runOnlyForDeploymentPostprocessing = 0;
		};
		65FE30131AF036430082900C /* Sources */ = {
			isa = PBXSourcesBuildPhase;
			buildActionMask = 2147483647;
			files = (
				65FE30221AF036430082900C /* ViewController.swift in Sources */,
				65FE301D1AF036430082900C /* AppDelegate.swift in Sources */,
			);
			runOnlyForDeploymentPostprocessing = 0;
		};
		65FE302B1AF036430082900C /* Sources */ = {
			isa = PBXSourcesBuildPhase;
			buildActionMask = 2147483647;
			files = (
				65FE30361AF036430082900C /* HiveTests.swift in Sources */,
			);
			runOnlyForDeploymentPostprocessing = 0;
		};
/* End PBXSourcesBuildPhase section */

/* Begin PBXTargetDependency section */
		65E7C1EA1AF167A600A6FBE8 /* PBXTargetDependency */ = {
			isa = PBXTargetDependency;
			target = 65E7C1E61AF167A600A6FBE8 /* Hive WatchKit App */;
			targetProxy = 65E7C1E91AF167A600A6FBE8 /* PBXContainerItemProxy */;
		};
		65E7C1F41AF167A600A6FBE8 /* PBXTargetDependency */ = {
			isa = PBXTargetDependency;
			target = 65E7C1D91AF167A600A6FBE8 /* Hive WatchKit Extension */;
			targetProxy = 65E7C1F31AF167A600A6FBE8 /* PBXContainerItemProxy */;
		};
		65E7C2151AF1759F00A6FBE8 /* PBXTargetDependency */ = {
			isa = PBXTargetDependency;
			target = 65E7C2071AF1759F00A6FBE8 /* Honeycomb */;
			targetProxy = 65E7C2141AF1759F00A6FBE8 /* PBXContainerItemProxy */;
		};
		65E7C2171AF1759F00A6FBE8 /* PBXTargetDependency */ = {
			isa = PBXTargetDependency;
			target = 65FE30161AF036430082900C /* Hive */;
			targetProxy = 65E7C2161AF1759F00A6FBE8 /* PBXContainerItemProxy */;
		};
		65E7C21E1AF1759F00A6FBE8 /* PBXTargetDependency */ = {
			isa = PBXTargetDependency;
			target = 65E7C2071AF1759F00A6FBE8 /* Honeycomb */;
			targetProxy = 65E7C21D1AF1759F00A6FBE8 /* PBXContainerItemProxy */;
		};
		65FE30311AF036430082900C /* PBXTargetDependency */ = {
			isa = PBXTargetDependency;
			target = 65FE30161AF036430082900C /* Hive */;
			targetProxy = 65FE30301AF036430082900C /* PBXContainerItemProxy */;
		};
/* End PBXTargetDependency section */

/* Begin PBXVariantGroup section */
		65E7C1EE1AF167A600A6FBE8 /* Interface.storyboard */ = {
			isa = PBXVariantGroup;
			children = (
				65E7C1EF1AF167A600A6FBE8 /* Base */,
			);
			name = Interface.storyboard;
			sourceTree = "<group>";
		};
		65FE30231AF036430082900C /* Main.storyboard */ = {
			isa = PBXVariantGroup;
			children = (
				65FE30241AF036430082900C /* Base */,
			);
			name = Main.storyboard;
			sourceTree = "<group>";
		};
		65FE30281AF036430082900C /* LaunchScreen.xib */ = {
			isa = PBXVariantGroup;
			children = (
				65FE30291AF036430082900C /* Base */,
			);
			name = LaunchScreen.xib;
			sourceTree = "<group>";
		};
/* End PBXVariantGroup section */

/* Begin XCBuildConfiguration section */
		65E7C1F71AF167A600A6FBE8 /* Debug */ = {
			isa = XCBuildConfiguration;
			buildSettings = {
				ASSETCATALOG_COMPILER_APPICON_NAME = AppIcon;
				GCC_PREPROCESSOR_DEFINITIONS = (
					"DEBUG=1",
					"$(inherited)",
				);
				IBSC_MODULE = Hive_WatchKit_Extension;
				INFOPLIST_FILE = "Hive WatchKit App/Info.plist";
				IPHONEOS_DEPLOYMENT_TARGET = 8.2;
				PRODUCT_NAME = "$(TARGET_NAME)";
				SKIP_INSTALL = YES;
				TARGETED_DEVICE_FAMILY = 4;
				"TARGETED_DEVICE_FAMILY[sdk=iphonesimulator*]" = "1,4";
			};
			name = Debug;
		};
		65E7C1F81AF167A600A6FBE8 /* Release */ = {
			isa = XCBuildConfiguration;
			buildSettings = {
				ASSETCATALOG_COMPILER_APPICON_NAME = AppIcon;
				IBSC_MODULE = Hive_WatchKit_Extension;
				INFOPLIST_FILE = "Hive WatchKit App/Info.plist";
				IPHONEOS_DEPLOYMENT_TARGET = 8.2;
				PRODUCT_NAME = "$(TARGET_NAME)";
				SKIP_INSTALL = YES;
				TARGETED_DEVICE_FAMILY = 4;
				"TARGETED_DEVICE_FAMILY[sdk=iphonesimulator*]" = "1,4";
			};
			name = Release;
		};
		65E7C1FA1AF167A600A6FBE8 /* Debug */ = {
			isa = XCBuildConfiguration;
			buildSettings = {
				CLANG_ENABLE_MODULES = YES;
				GCC_PREPROCESSOR_DEFINITIONS = (
					"DEBUG=1",
					"$(inherited)",
				);
				INFOPLIST_FILE = "Hive WatchKit Extension/Info.plist";
				LD_RUNPATH_SEARCH_PATHS = "$(inherited) @executable_path/Frameworks @executable_path/../../Frameworks";
				PRODUCT_NAME = "${TARGET_NAME}";
				SKIP_INSTALL = YES;
				SWIFT_OPTIMIZATION_LEVEL = "-Onone";
			};
			name = Debug;
		};
		65E7C1FB1AF167A600A6FBE8 /* Release */ = {
			isa = XCBuildConfiguration;
			buildSettings = {
				CLANG_ENABLE_MODULES = YES;
				INFOPLIST_FILE = "Hive WatchKit Extension/Info.plist";
				LD_RUNPATH_SEARCH_PATHS = "$(inherited) @executable_path/Frameworks @executable_path/../../Frameworks";
				PRODUCT_NAME = "${TARGET_NAME}";
				SKIP_INSTALL = YES;
			};
			name = Release;
		};
		65E7C2221AF1759F00A6FBE8 /* Debug */ = {
			isa = XCBuildConfiguration;
			buildSettings = {
				CLANG_ENABLE_MODULES = YES;
				CURRENT_PROJECT_VERSION = 1;
				DEFINES_MODULE = YES;
				DYLIB_COMPATIBILITY_VERSION = 1;
				DYLIB_CURRENT_VERSION = 1;
				DYLIB_INSTALL_NAME_BASE = "@rpath";
				GCC_PREPROCESSOR_DEFINITIONS = (
					"DEBUG=1",
					"$(inherited)",
				);
				INFOPLIST_FILE = Honeycomb/Info.plist;
				INSTALL_PATH = "$(LOCAL_LIBRARY_DIR)/Frameworks";
				LD_RUNPATH_SEARCH_PATHS = "$(inherited) @executable_path/Frameworks @loader_path/Frameworks";
				PRODUCT_NAME = "$(TARGET_NAME)";
				SKIP_INSTALL = YES;
				SWIFT_OPTIMIZATION_LEVEL = "-Onone";
				TARGETED_DEVICE_FAMILY = "1,2";
				VERSIONING_SYSTEM = "apple-generic";
				VERSION_INFO_PREFIX = "";
			};
			name = Debug;
		};
		65E7C2231AF1759F00A6FBE8 /* Release */ = {
			isa = XCBuildConfiguration;
			buildSettings = {
				CLANG_ENABLE_MODULES = YES;
				CURRENT_PROJECT_VERSION = 1;
				DEFINES_MODULE = YES;
				DYLIB_COMPATIBILITY_VERSION = 1;
				DYLIB_CURRENT_VERSION = 1;
				DYLIB_INSTALL_NAME_BASE = "@rpath";
				INFOPLIST_FILE = Honeycomb/Info.plist;
				INSTALL_PATH = "$(LOCAL_LIBRARY_DIR)/Frameworks";
				LD_RUNPATH_SEARCH_PATHS = "$(inherited) @executable_path/Frameworks @loader_path/Frameworks";
				PRODUCT_NAME = "$(TARGET_NAME)";
				SKIP_INSTALL = YES;
				TARGETED_DEVICE_FAMILY = "1,2";
				VERSIONING_SYSTEM = "apple-generic";
				VERSION_INFO_PREFIX = "";
			};
			name = Release;
		};
		65E7C2261AF1759F00A6FBE8 /* Debug */ = {
			isa = XCBuildConfiguration;
			buildSettings = {
				FRAMEWORK_SEARCH_PATHS = (
					"$(SDKROOT)/Developer/Library/Frameworks",
					"$(inherited)",
				);
				GCC_PREPROCESSOR_DEFINITIONS = (
					"DEBUG=1",
					"$(inherited)",
				);
				INFOPLIST_FILE = HoneycombTests/Info.plist;
				LD_RUNPATH_SEARCH_PATHS = "$(inherited) @executable_path/Frameworks @loader_path/Frameworks";
				PRODUCT_NAME = "$(TARGET_NAME)";
				TEST_HOST = "$(BUILT_PRODUCTS_DIR)/Hive.app/Hive";
			};
			name = Debug;
		};
		65E7C2271AF1759F00A6FBE8 /* Release */ = {
			isa = XCBuildConfiguration;
			buildSettings = {
				FRAMEWORK_SEARCH_PATHS = (
					"$(SDKROOT)/Developer/Library/Frameworks",
					"$(inherited)",
				);
				INFOPLIST_FILE = HoneycombTests/Info.plist;
				LD_RUNPATH_SEARCH_PATHS = "$(inherited) @executable_path/Frameworks @loader_path/Frameworks";
				PRODUCT_NAME = "$(TARGET_NAME)";
				TEST_HOST = "$(BUILT_PRODUCTS_DIR)/Hive.app/Hive";
			};
			name = Release;
		};
		65FE30371AF036430082900C /* Debug */ = {
			isa = XCBuildConfiguration;
			buildSettings = {
				ALWAYS_SEARCH_USER_PATHS = NO;
				CLANG_CXX_LANGUAGE_STANDARD = "gnu++0x";
				CLANG_CXX_LIBRARY = "libc++";
				CLANG_ENABLE_MODULES = YES;
				CLANG_ENABLE_OBJC_ARC = YES;
				CLANG_WARN_BOOL_CONVERSION = YES;
				CLANG_WARN_CONSTANT_CONVERSION = YES;
				CLANG_WARN_DIRECT_OBJC_ISA_USAGE = YES_ERROR;
				CLANG_WARN_EMPTY_BODY = YES;
				CLANG_WARN_ENUM_CONVERSION = YES;
				CLANG_WARN_INT_CONVERSION = YES;
				CLANG_WARN_OBJC_ROOT_CLASS = YES_ERROR;
				CLANG_WARN_UNREACHABLE_CODE = YES;
				CLANG_WARN__DUPLICATE_METHOD_MATCH = YES;
				"CODE_SIGN_IDENTITY[sdk=iphoneos*]" = "iPhone Developer";
				COPY_PHASE_STRIP = NO;
				DEBUG_INFORMATION_FORMAT = "dwarf-with-dsym";
				ENABLE_STRICT_OBJC_MSGSEND = YES;
				GCC_C_LANGUAGE_STANDARD = gnu99;
				GCC_DYNAMIC_NO_PIC = NO;
				GCC_NO_COMMON_BLOCKS = YES;
				GCC_OPTIMIZATION_LEVEL = 0;
				GCC_PREPROCESSOR_DEFINITIONS = (
					"DEBUG=1",
					"$(inherited)",
				);
				GCC_SYMBOLS_PRIVATE_EXTERN = NO;
				GCC_WARN_64_TO_32_BIT_CONVERSION = YES;
				GCC_WARN_ABOUT_RETURN_TYPE = YES_ERROR;
				GCC_WARN_UNDECLARED_SELECTOR = YES;
				GCC_WARN_UNINITIALIZED_AUTOS = YES_AGGRESSIVE;
				GCC_WARN_UNUSED_FUNCTION = YES;
				GCC_WARN_UNUSED_VARIABLE = YES;
				IPHONEOS_DEPLOYMENT_TARGET = 8.3;
				MTL_ENABLE_DEBUG_INFO = YES;
				ONLY_ACTIVE_ARCH = YES;
				SDKROOT = iphoneos;
				SWIFT_OPTIMIZATION_LEVEL = "-Onone";
			};
			name = Debug;
		};
		65FE30381AF036430082900C /* Release */ = {
			isa = XCBuildConfiguration;
			buildSettings = {
				ALWAYS_SEARCH_USER_PATHS = NO;
				CLANG_CXX_LANGUAGE_STANDARD = "gnu++0x";
				CLANG_CXX_LIBRARY = "libc++";
				CLANG_ENABLE_MODULES = YES;
				CLANG_ENABLE_OBJC_ARC = YES;
				CLANG_WARN_BOOL_CONVERSION = YES;
				CLANG_WARN_CONSTANT_CONVERSION = YES;
				CLANG_WARN_DIRECT_OBJC_ISA_USAGE = YES_ERROR;
				CLANG_WARN_EMPTY_BODY = YES;
				CLANG_WARN_ENUM_CONVERSION = YES;
				CLANG_WARN_INT_CONVERSION = YES;
				CLANG_WARN_OBJC_ROOT_CLASS = YES_ERROR;
				CLANG_WARN_UNREACHABLE_CODE = YES;
				CLANG_WARN__DUPLICATE_METHOD_MATCH = YES;
				"CODE_SIGN_IDENTITY[sdk=iphoneos*]" = "iPhone Developer";
				COPY_PHASE_STRIP = NO;
				DEBUG_INFORMATION_FORMAT = "dwarf-with-dsym";
				ENABLE_NS_ASSERTIONS = NO;
				ENABLE_STRICT_OBJC_MSGSEND = YES;
				GCC_C_LANGUAGE_STANDARD = gnu99;
				GCC_NO_COMMON_BLOCKS = YES;
				GCC_WARN_64_TO_32_BIT_CONVERSION = YES;
				GCC_WARN_ABOUT_RETURN_TYPE = YES_ERROR;
				GCC_WARN_UNDECLARED_SELECTOR = YES;
				GCC_WARN_UNINITIALIZED_AUTOS = YES_AGGRESSIVE;
				GCC_WARN_UNUSED_FUNCTION = YES;
				GCC_WARN_UNUSED_VARIABLE = YES;
				IPHONEOS_DEPLOYMENT_TARGET = 8.3;
				MTL_ENABLE_DEBUG_INFO = NO;
				SDKROOT = iphoneos;
				VALIDATE_PRODUCT = YES;
			};
			name = Release;
		};
		65FE303A1AF036430082900C /* Debug */ = {
			isa = XCBuildConfiguration;
			baseConfigurationReference = F91E53C72D95A6592937753D /* Pods.debug.xcconfig */;
			buildSettings = {
				ASSETCATALOG_COMPILER_APPICON_NAME = AppIcon;
				INFOPLIST_FILE = Hive/Info.plist;
				LD_RUNPATH_SEARCH_PATHS = "$(inherited) @executable_path/Frameworks";
				PRODUCT_NAME = "$(TARGET_NAME)";
			};
			name = Debug;
		};
		65FE303B1AF036430082900C /* Release */ = {
			isa = XCBuildConfiguration;
			baseConfigurationReference = 9C2D97EC22974A3904E722A5 /* Pods.release.xcconfig */;
			buildSettings = {
				ASSETCATALOG_COMPILER_APPICON_NAME = AppIcon;
				INFOPLIST_FILE = Hive/Info.plist;
				LD_RUNPATH_SEARCH_PATHS = "$(inherited) @executable_path/Frameworks";
				PRODUCT_NAME = "$(TARGET_NAME)";
			};
			name = Release;
		};
		65FE303D1AF036430082900C /* Debug */ = {
			isa = XCBuildConfiguration;
			buildSettings = {
				BUNDLE_LOADER = "$(TEST_HOST)";
				FRAMEWORK_SEARCH_PATHS = (
					"$(SDKROOT)/Developer/Library/Frameworks",
					"$(inherited)",
				);
				GCC_PREPROCESSOR_DEFINITIONS = (
					"DEBUG=1",
					"$(inherited)",
				);
				INFOPLIST_FILE = HiveTests/Info.plist;
				LD_RUNPATH_SEARCH_PATHS = "$(inherited) @executable_path/Frameworks @loader_path/Frameworks";
				PRODUCT_NAME = "$(TARGET_NAME)";
				TEST_HOST = "$(BUILT_PRODUCTS_DIR)/Hive.app/Hive";
			};
			name = Debug;
		};
		65FE303E1AF036430082900C /* Release */ = {
			isa = XCBuildConfiguration;
			buildSettings = {
				BUNDLE_LOADER = "$(TEST_HOST)";
				FRAMEWORK_SEARCH_PATHS = (
					"$(SDKROOT)/Developer/Library/Frameworks",
					"$(inherited)",
				);
				INFOPLIST_FILE = HiveTests/Info.plist;
				LD_RUNPATH_SEARCH_PATHS = "$(inherited) @executable_path/Frameworks @loader_path/Frameworks";
				PRODUCT_NAME = "$(TARGET_NAME)";
				TEST_HOST = "$(BUILT_PRODUCTS_DIR)/Hive.app/Hive";
			};
			name = Release;
		};
/* End XCBuildConfiguration section */

/* Begin XCConfigurationList section */
		65E7C1F61AF167A600A6FBE8 /* Build configuration list for PBXNativeTarget "Hive WatchKit App" */ = {
			isa = XCConfigurationList;
			buildConfigurations = (
				65E7C1F71AF167A600A6FBE8 /* Debug */,
				65E7C1F81AF167A600A6FBE8 /* Release */,
			);
			defaultConfigurationIsVisible = 0;
			defaultConfigurationName = Release;
		};
		65E7C1F91AF167A600A6FBE8 /* Build configuration list for PBXNativeTarget "Hive WatchKit Extension" */ = {
			isa = XCConfigurationList;
			buildConfigurations = (
				65E7C1FA1AF167A600A6FBE8 /* Debug */,
				65E7C1FB1AF167A600A6FBE8 /* Release */,
			);
			defaultConfigurationIsVisible = 0;
			defaultConfigurationName = Release;
		};
		65E7C2211AF1759F00A6FBE8 /* Build configuration list for PBXNativeTarget "Honeycomb" */ = {
			isa = XCConfigurationList;
			buildConfigurations = (
				65E7C2221AF1759F00A6FBE8 /* Debug */,
				65E7C2231AF1759F00A6FBE8 /* Release */,
			);
			defaultConfigurationIsVisible = 0;
			defaultConfigurationName = Release;
		};
		65E7C2251AF1759F00A6FBE8 /* Build configuration list for PBXNativeTarget "HoneycombTests" */ = {
			isa = XCConfigurationList;
			buildConfigurations = (
				65E7C2261AF1759F00A6FBE8 /* Debug */,
				65E7C2271AF1759F00A6FBE8 /* Release */,
			);
			defaultConfigurationIsVisible = 0;
			defaultConfigurationName = Release;
		};
		65FE30121AF036430082900C /* Build configuration list for PBXProject "Hive" */ = {
			isa = XCConfigurationList;
			buildConfigurations = (
				65FE30371AF036430082900C /* Debug */,
				65FE30381AF036430082900C /* Release */,
			);
			defaultConfigurationIsVisible = 0;
			defaultConfigurationName = Release;
		};
		65FE30391AF036430082900C /* Build configuration list for PBXNativeTarget "Hive" */ = {
			isa = XCConfigurationList;
			buildConfigurations = (
				65FE303A1AF036430082900C /* Debug */,
				65FE303B1AF036430082900C /* Release */,
			);
			defaultConfigurationIsVisible = 0;
			defaultConfigurationName = Release;
		};
		65FE303C1AF036430082900C /* Build configuration list for PBXNativeTarget "HiveTests" */ = {
			isa = XCConfigurationList;
			buildConfigurations = (
				65FE303D1AF036430082900C /* Debug */,
				65FE303E1AF036430082900C /* Release */,
			);
			defaultConfigurationIsVisible = 0;
			defaultConfigurationName = Release;
		};
/* End XCConfigurationList section */
	};
	rootObject = 65FE300F1AF036430082900C /* Project object */;
}
